hash: d18ad3799ffe75ea33554fc0b3f3e43df0ffccd3b7397676efc1c9022e91d36f
updated: 2017-09-01T09:44:32.058168907-07:00
imports:
- name: github.com/fatih/color
  version: 570b54cabe6b8eb0bc2dfce68d964677d63b5260
- name: github.com/google/go-github
  version: ebfec748347a9af6793c723f8859afcd906860fb
  subpackages:
  - github
- name: github.com/google/go-querystring
  version: 53e6ce116135b80d037921a7fdd5138cf32d7a8a
  subpackages:
  - query
- name: github.com/spf13/cobra
  version: 92ea23a837e66f46ac9e7d04fa826602b7b0a42d
- name: github.com/spf13/viper
  version: 25b30aa063fc18e48662b86996252eabdcf2f0c7
- name: golang.org/x/net
  version: c9b681d35165f1995d6f3034e61f8761d4b90c99
  subpackages:
  - context
- name: golang.org/x/oauth2
  version: f047394b6d14284165300fd82dad67edb3a4d7f6
testImports: []
