github.com/DATA-DOG/go-txdb v0.1.3/go.mod h1:DhAhxMXZpUJVGnT+p9IbzJoRKvlArO2pkHjnGX7o0n0=
github.com/acarl005/stripansi v0.0.0-20180116102854-5a71ef0e047d h1:licZJFw2RwpHMqeKTCYkitsPqHNxTmd4SNR5r94FGM8=
github.com/acarl005/stripansi v0.0.0-20180116102854-5a71ef0e047d/go.mod h1:asat636LX7Bqt5lYEZ27JNDcqxfjdBQuJ/MM4CN/Lzo=
github.com/cucumber/godog v0.8.0 h1:sJ0MaOGfNeJWD+DiBjL4VTwrUJrFdiq5sF5b4wPgS+o=
github.com/cucumber/godog v0.8.0/go.mod h1:Cp3tEV1LRAyH/RuCThcxHS/+9ORZ+FMzPva2AZ5Ki+A=
github.com/davecgh/go-spew v1.1.0/go.mod h1:J7Y8YcW2NihsgmVo/mv3lAwl/skON4iLHjSsI+c5H38=
github.com/davecgh/go-spew v1.1.1 h1:vj9j/u1bqnvCEfJOwUhtlOARqs3+rkHYY13jYWTU97c=
github.com/davecgh/go-spew v1.1.1/go.mod h1:J7Y8YcW2NihsgmVo/mv3lAwl/skON4iLHjSsI+c5H38=
github.com/dustin/go-humanize v0.0.0-20171111073723-bb3d318650d4 h1:qk/FSDDxo05wdJH28W+p5yivv7LuLYLRXPPD8KQCtZs=
github.com/dustin/go-humanize v0.0.0-20171111073723-bb3d318650d4/go.mod h1:HtrtbFcZ19U5GC7JDqmcUSB87Iq5E25KnS6fMYU6eOk=
github.com/fatih/color v1.5.0 h1:vBh+kQp8lg9XPr56u1CPrWjFXtdphMoGWVHr9/1c+A0=
github.com/fatih/color v1.5.0/go.mod h1:Zm6kSWBoL9eyXnKyktHP6abPY2pDugNf5KwzbycvMj4=
github.com/go-sql-driver/mysql v1.5.0/go.mod h1:DCzpHaOWr8IXmIStZouvnhqoel9Qv2LBy8hT2VhHyBg=
github.com/golang/protobuf v1.0.1-0.20180202184318-bbd03ef6da3a h1:MKcZdiXa8z1dyr2AH37WW66sN1UZiLdy/Krj+s9kz8Y=
github.com/golang/protobuf v1.0.1-0.20180202184318-bbd03ef6da3a/go.mod h1:6lQm79b+lXiMfvg/cZm0SGofjICqVBUtrP5yJMmIC1U=
github.com/google/go-github v15.0.1-0.20180403031559-88eb4e9dc91c+incompatible h1:WKH+NMuK+GmA7IMjiyanYO6MxE/+2T4cWEPbRj6dvu8=
github.com/google/go-github v15.0.1-0.20180403031559-88eb4e9dc91c+incompatible/go.mod h1:zLgOLi98H3fifZn+44m+umXrS52loVEgC2AApnigrVQ=
github.com/google/go-querystring v0.0.0-20170111101155-53e6ce116135 h1:zLTLjkaOFEFIOxY5BWLFLwh+cL8vOBW4XJ2aqLE/Tf0=
github.com/google/go-querystring v0.0.0-20170111101155-53e6ce116135/go.mod h1:odCYkC5MyYFN7vkCjXpyrEuKhc/BUO6wN/zVPAxq5ck=
github.com/iancoleman/strcase v0.0.0-20190422225806-e506e3ef7365 h1:ECW73yc9MY7935nNYXUkK7Dz17YuSUI9yqRqYS8aBww=
github.com/iancoleman/strcase v0.0.0-20190422225806-e506e3ef7365/go.mod h1:SK73tn/9oHe+/Y0h39VT4UCxmurVJkR5NA7kMEAOgSE=
github.com/inconshreveable/mousetrap v1.0.0 h1:Z8tu5sraLXCXIcARxBp/8cbvlwVa7Z1NHg9XEKhtSvM=
github.com/inconshreveable/mousetrap v1.0.0/go.mod h1:PxqpIevigyE2G7u3NXJIT2ANytuPF1OarO4DADm73n8=
github.com/kballard/go-shellquote v0.0.0-20180428030007-95032a82bc51 h1:Z9n2FFNUXsshfwJMBgNA0RU6/i7WVaAegv3PtuIHPMs=
github.com/kballard/go-shellquote v0.0.0-20180428030007-95032a82bc51/go.mod h1:CzGEWj7cYgsdH8dAjBGEr58BoE7ScuLd+fwFZ44+/x8=
github.com/mattn/go-colorable v0.0.8-0.20170210172801-5411d3eea597 h1:Zw9aNQ5CQ3SERpCiZrPh4vdWcBWogoEd5m8AFf2QWVs=
github.com/mattn/go-colorable v0.0.8-0.20170210172801-5411d3eea597/go.mod h1:9vuHe8Xs5qXnSaW/c/ABM9alt+Vo+STaOChaDxuIBZU=
github.com/mattn/go-isatty v0.0.2-0.20170307163044-57fdcb988a5c h1:vNDTotKSxm/15mLGhBXjdU6q6Ncrx0HlVEd8ToAsGTw=
github.com/mattn/go-isatty v0.0.2-0.20170307163044-57fdcb988a5c/go.mod h1:M+lRXTBqGeGNdLjl/ufCoiOlB5xdOkqRJdNxMWT7Zi4=
github.com/mgutz/ansi v0.0.0-20170206155736-9520e82c474b h1:j7+1HpAFS1zy5+Q4qx1fWh90gTKwiN4QCGoY9TWyyO4=
github.com/mgutz/ansi v0.0.0-20170206155736-9520e82c474b/go.mod h1:01TrycV0kFyexm33Z7vhZRXopbI8J3TDReVlkTgMUxE=
github.com/pmezard/go-difflib v1.0.0 h1:4DBwDE0NGyQoBHbLQYPwSUPoCMWR5BEzIk/f1lZbAQM=
github.com/pmezard/go-difflib v1.0.0/go.mod h1:iKH77koFhYxTK1pcRnkKkqfTogsbg7gZNVY4sRDYZ/4=
github.com/sergi/go-diff v1.0.0 h1:Kpca3qRNrduNnOQeazBd0ysaKrUJiIuISHxogkT9RPQ=
github.com/sergi/go-diff v1.0.0/go.mod h1:0CfEIISq7TuYL3j771MWULgwwjU+GofnZX9QAmXWZgo=
github.com/spf13/cobra v0.0.3-0.20180408161736-cd30c2a7e91a h1:fkxjXeX1GqxICegQuav3Fpff2VNAMfqaPWZvI+dRqa0=
github.com/spf13/cobra v0.0.3-0.20180408161736-cd30c2a7e91a/go.mod h1:1l0Ry5zgKvJasoi3XT1TypsSe7PqH0Sj9dhYf7v3XqQ=
github.com/spf13/pflag v1.0.1-0.20180403115518-1ce0cc6db402 h1:PzXGtoglK0gKAmoFi5ec8tZKKnTTxJM+3i7w/qw+Hf0=
github.com/spf13/pflag v1.0.1-0.20180403115518-1ce0cc6db402/go.mod h1:DYY7MBk1bdzusC3SYhjObp+wFpr4gzcvqqNjLnInEg4=
github.com/stretchr/objx v0.1.0/go.mod h1:HFkY916IF+rwdDfMAkV7OtwuqBVzrE8GR6GFx+wExME=
github.com/stretchr/testify v1.3.0 h1:TivCn/peBQ7UY8ooIcPgZFpTNSz0Q2U6UrFlUfqbe0Q=
github.com/stretchr/testify v1.3.0/go.mod h1:M5WIy9Dh21IEIfnGCwXGc5bZfKNJtfHm1UVUgZn+9EI=
golang.org/x/net v0.0.0-20180208041118-f5dfe339be1d h1:lnO2rP1Eit1fCAJKjYJlnArsHluPBxcs2BA2dQrL224=
golang.org/x/net v0.0.0-20180208041118-f5dfe339be1d/go.mod h1:mL1N/T3taQHkDXs73rZJwtUhF3w3ftmwwsq0BUmARs4=
golang.org/x/oauth2 v0.0.0-20180402223937-921ae394b943 h1:hE+k6oRG1aru6/y8A0HI01Zqp65EZcUcKToTkbPsFFM=
golang.org/x/oauth2 v0.0.0-20180402223937-921ae394b943/go.mod h1:N/0e6XlmueqKjAGxoOufVs8QHGRruUQn6yWY3a++T0U=
golang.org/x/sys v0.0.0-20170213225739-e24f485414ae h1:GTtEQDSA+M757ZEFcmC1Z5tEQXeyj0/vKmKeGqKRbP4=
golang.org/x/sys v0.0.0-20170213225739-e24f485414ae/go.mod h1:STP8DvDyc/dI5b8T5hshtkjS+E42TnysNCUPdjciGhY=
google.golang.org/appengine v1.0.1-0.20180405220334-0a24098c0ec6 h1:alQWZV0HJ9z4mz1t079hHCYXAc5Mo/j52LROpNNpRkg=
google.golang.org/appengine v1.0.1-0.20180405220334-0a24098c0ec6/go.mod h1:EbEs0AVv82hx2wNQdGPgUI5lhzA/G0D9YwlJXL52JkM=
gopkg.in/AlecAivazis/survey.v1 v1.4.1 h1:r9oZXE7hF7CsbiHdgGBEVIvy4E6QH64gQ+UGugPCPtI=
gopkg.in/AlecAivazis/survey.v1 v1.4.1/go.mod h1:2Ehl7OqkBl3Xb8VmC4oFW2bItAhnUfzIjrOzwRxCrOU=
gopkg.in/jarcoal/httpmock.v1 v1.0.0-20180304133419-61bcb58a0752 h1:tCJaQkfAuk0o4C22D0nVd/K/5yjM7v8cmqwzwfEg14o=
gopkg.in/jarcoal/httpmock.v1 v1.0.0-20180304133419-61bcb58a0752/go.mod h1:d3R+NllX3X5e0zlG1Rful3uLvsGC/Q3OHut5464DEQw=
