code.gitea.io/sdk/gitea v0.22.1 h1:7K05KjRORyTcTYULQ/AwvlVS6pawLcWyXZcTr7gHFyA=
code.gitea.io/sdk/gitea v0.22.1/go.mod h1:yyF5+GhljqvA30sRDreoyHILruNiy4ASufugzYg0VHM=
codeberg.org/mvdkleijn/forgejo-sdk/forgejo/v2 v2.2.0 h1:HTCWpzyWQOHDWt3LzI6/d2jvUDsw/vgGRWm/8BTvcqI=
codeberg.org/mvdkleijn/forgejo-sdk/forgejo/v2 v2.2.0/go.mod h1:ZglEEDj+qkxYUb+SQIeqGtFxQrbaMYqIOgahNKb7uxs=
github.com/42wim/httpsig v1.2.3 h1:xb0YyWhkYj57SPtfSttIobJUPJZB9as1nsfo7KWVcEs=
github.com/42wim/httpsig v1.2.3/go.mod h1:nZq9OlYKDrUBhptd77IHx4/sZZD+IxTBADvAPI9G/EM=
github.com/BurntSushi/toml v1.5.0 h1:W5quZX/G/csjUnuI8SUYlsHs9M38FC7znL0lIO+DvMg=
github.com/BurntSushi/toml v1.5.0/go.mod h1:ukJfTF/6rtPPRCnwkur4qwRxa8vTRFBF0uk2lLoLwho=
github.com/acarl005/stripansi v0.0.0-20180116102854-5a71ef0e047d h1:licZJFw2RwpHMqeKTCYkitsPqHNxTmd4SNR5r94FGM8=
github.com/acarl005/stripansi v0.0.0-20180116102854-5a71ef0e047d/go.mod h1:asat636LX7Bqt5lYEZ27JNDcqxfjdBQuJ/MM4CN/Lzo=
github.com/atotto/clipboard v0.1.4 h1:EH0zSVneZPSuFR11BlR9YppQTVDbh5+16AmcJi4g1z4=
github.com/atotto/clipboard v0.1.4/go.mod h1:ZY9tmq7sm5xIbd9bOK4onWV4S6X0u6GY7Vn0Yu86PYI=
github.com/aymanbagabas/go-osc52/v2 v2.0.1 h1:HwpRHbFMcZLEVr42D4p7XBqjyuxQH5SMiErDT4WkJ2k=
github.com/aymanbagabas/go-osc52/v2 v2.0.1/go.mod h1:uYgXzlJ7ZpABp8OJ+exZzJJhRNQ2ASbcXHWsFqH8hp8=
github.com/bahlo/generic-list-go v0.2.0 h1:5sz/EEAK+ls5wF+NeqDpk5+iNdMDXrh3z3nPnH1Wvgk=
github.com/bahlo/generic-list-go v0.2.0/go.mod h1:2KvAjgMlE5NNynlg/5iLrrCCZ2+5xWbdbCW3pNTGyYg=
github.com/buger/jsonparser v1.1.1 h1:2PnMjfWD7wBILjqQbt530v576A/cAbQvEW9gGIpYMUs=
github.com/buger/jsonparser v1.1.1/go.mod h1:6RYKKt7H4d4+iWqouImQ9R2FZql3VbhNgx27UK13J/0=
github.com/carlmjohnson/requests v0.25.1 h1:17zNRLecxtAjhtdEIV+F+wrYfe+AGZUjWJtpndcOUYA=
github.com/carlmjohnson/requests v0.25.1/go.mod h1:z3UEf8IE4sZxZ78spW6/tLdqBkfCu1Fn4RaYMnZ8SRM=
github.com/charmbracelet/bubbles v0.21.0 h1:9TdC97SdRVg/1aaXNVWfFH3nnLAwOXr8Fn6u6mfQdFs=
github.com/charmbracelet/bubbles v0.21.0/go.mod h1:HF+v6QUR4HkEpz62dx7ym2xc71/KBHg+zKwJtMw+qtg=
github.com/charmbracelet/bubbletea v1.3.10 h1:otUDHWMMzQSB0Pkc87rm691KZ3SWa4KUlvF9nRvCICw=
github.com/charmbracelet/bubbletea v1.3.10/go.mod h1:ORQfo0fk8U+po9VaNvnV95UPWA1BitP1E0N6xJPlHr4=
github.com/charmbracelet/colorprofile v0.3.3 h1:DjJzJtLP6/NZ8p7Cgjno0CKGr7wwRJGxWUwh2IyhfAI=
github.com/charmbracelet/colorprofile v0.3.3/go.mod h1:nB1FugsAbzq284eJcjfah2nhdSLppN2NqvfotkfRYP4=
github.com/charmbracelet/lipgloss v1.1.0 h1:vYXsiLHVkK7fp74RkV7b2kq9+zDLoEU4MZoFqR/noCY=
github.com/charmbracelet/lipgloss v1.1.0/go.mod h1:/6Q8FR2o+kj8rz4Dq0zQc3vYf7X+B0binUUBwA0aL30=
github.com/charmbracelet/x/ansi v0.10.3 h1:5Rt4C4qzYbla134jKfSE+xoeLG1o26z/H7cQ39dCKPU=
github.com/charmbracelet/x/ansi v0.10.3/go.mod h1:uQt8bOrq/xgXjlGcFMc8U2WYbnxyjrKhnvTQluvfCaE=
github.com/charmbracelet/x/cellbuf v0.0.13 h1:/KBBKHuVRbq1lYx5BzEHBAFBP8VcQzJejZ/IA3iR28k=
github.com/charmbracelet/x/cellbuf v0.0.13/go.mod h1:xe0nKWGd3eJgtqZRaN9RjMtK7xUYchjzPr7q6kcvCCs=
github.com/charmbracelet/x/term v0.2.2 h1:xVRT/S2ZcKdhhOuSP4t5cLi5o+JxklsoEObBSgfgZRk=
github.com/charmbracelet/x/term v0.2.2/go.mod h1:kF8CY5RddLWrsgVwpw4kAa6TESp6EB5y3uxGLeCqzAI=
github.com/clipperhouse/displaywidth v0.4.1 h1:uVw9V8UDfnggg3K2U84VWY1YLQ/x2aKSCtkRyYozfoU=
github.com/clipperhouse/displaywidth v0.4.1/go.mod h1:R+kHuzaYWFkTm7xoMmK1lFydbci4X2CicfbGstSGg0o=
github.com/clipperhouse/stringish v0.1.1 h1:+NSqMOr3GR6k1FdRhhnXrLfztGzuG+VuFDfatpWHKCs=
github.com/clipperhouse/stringish v0.1.1/go.mod h1:v/WhFtE1q0ovMta2+m+UbpZ+2/HEXNWYXQgCt4hdOzA=
github.com/clipperhouse/uax29/v2 v2.3.0 h1:SNdx9DVUqMoBuBoW3iLOj4FQv3dN5mDtuqwuhIGpJy4=
github.com/clipperhouse/uax29/v2 v2.3.0/go.mod h1:Wn1g7MK6OoeDT0vL+Q0SQLDz/KpfsVRgg6W7ihQeh4g=
github.com/cpuguy83/go-md2man/v2 v2.0.2/go.mod h1:tgQtvFlXSQOSOSIRvRPT7W67SCa46tRHOmNcaadrF8o=
github.com/cpuguy83/go-md2man/v2 v2.0.6/go.mod h1:oOW0eioCTA6cOiMLiUPZOpcVxMig6NIQQ7OS05n1F4g=
github.com/creack/pty v1.1.9/go.mod h1:oKZEueFk5CKHvIhNR5MUki03XCEU+Q6VDXinZuGJ33E=
github.com/cucumber/gherkin/go/v26 v26.2.0 h1:EgIjePLWiPeslwIWmNQ3XHcypPsWAHoMCz/YEBKP4GI=
github.com/cucumber/gherkin/go/v26 v26.2.0/go.mod h1:t2GAPnB8maCT4lkHL99BDCVNzCh1d7dBhCLt150Nr/0=
github.com/cucumber/godog v0.15.1 h1:rb/6oHDdvVZKS66hrhpjFQFHjthFSrQBCOI1LwshNTI=
github.com/cucumber/godog v0.15.1/go.mod h1:qju+SQDewOljHuq9NSM66s0xEhogx0q30flfxL4WUk8=
github.com/cucumber/messages/go/v21 v21.0.1 h1:wzA0LxwjlWQYZd32VTlAVDTkW6inOFmSM+RuOwHZiMI=
github.com/cucumber/messages/go/v21 v21.0.1/go.mod h1:zheH/2HS9JLVFukdrsPWoPdmUtmYQAQPLk7w5vWsk5s=
github.com/cucumber/messages/go/v22 v22.0.0/go.mod h1:aZipXTKc0JnjCsXrJnuZpWhtay93k7Rn3Dee7iyPJjs=
github.com/davecgh/go-spew v1.1.0/go.mod h1:J7Y8YcW2NihsgmVo/mv3lAwl/skON4iLHjSsI+c5H38=
github.com/davecgh/go-spew v1.1.1 h1:vj9j/u1bqnvCEfJOwUhtlOARqs3+rkHYY13jYWTU97c=
github.com/davecgh/go-spew v1.1.1/go.mod h1:J7Y8YcW2NihsgmVo/mv3lAwl/skON4iLHjSsI+c5H38=
github.com/davidmz/go-pageant v1.0.2 h1:bPblRCh5jGU+Uptpz6LgMZGD5hJoOt7otgT454WvHn0=
github.com/davidmz/go-pageant v1.0.2/go.mod h1:P2EDDnMqIwG5Rrp05dTRITj9z2zpGcD9efWSkTNKLIE=
github.com/dustin/go-humanize v1.0.1 h1:GzkhY7T5VNhEkwH0PVJgjz+fX1rhBrR7pRT3mDkpeCY=
github.com/dustin/go-humanize v1.0.1/go.mod h1:Mu1zIs6XwVuF/gI1OepvI0qD18qycQx+mFykh5fBlto=
github.com/erikgeiser/coninput v0.0.0-20211004153227-1c3628e74d0f h1:Y/CXytFA4m6baUTXGLOoWe4PQhGxaX0KpnayAqC48p4=
github.com/erikgeiser/coninput v0.0.0-20211004153227-1c3628e74d0f/go.mod h1:vw97MGsxSvLiUE2X8qFplwetxpGLQrlU1Q9AUEIzCaM=
github.com/fatih/color v1.16.0 h1:zmkK9Ngbjj+K0yRhTVONQh1p/HknKYSlNT+vZCzyokM=
github.com/fatih/color v1.16.0/go.mod h1:fL2Sau1YI5c0pdGEVCbKQbLXB6edEj1ZgiY4NijnWvE=
github.com/go-fed/httpsig v1.1.0 h1:9M+hb0jkEICD8/cAiNqEB66R87tTINszBRTjwjQzWcI=
github.com/go-fed/httpsig v1.1.0/go.mod h1:RCMrTZvN1bJYtofsG4rd5NaO5obxQ5xBkdiS7xsT7bM=
github.com/gofrs/uuid v4.2.0+incompatible/go.mod h1:b2aQJv3Z4Fp6yNu3cdSllBxTCLRxnplIgP/c0N/04lM=
github.com/gofrs/uuid v4.3.1+incompatible/go.mod h1:b2aQJv3Z4Fp6yNu3cdSllBxTCLRxnplIgP/c0N/04lM=
github.com/gofrs/uuid v4.4.0+incompatible h1:3qXRTX8/NbyulANqlc0lchS1gqAVxRgsuW1YrTJupqA=
github.com/gofrs/uuid v4.4.0+incompatible/go.mod h1:b2aQJv3Z4Fp6yNu3cdSllBxTCLRxnplIgP/c0N/04lM=
github.com/google/go-cmp v0.5.2/go.mod h1:v8dTdLbMG2kIc/vJvl+f65V22dbkXbowE6jgT/gNBxE=
github.com/google/go-cmp v0.7.0 h1:wk8382ETsv4JYUZwIsn6YpYiWiBsYLSJiTsyBybVuN8=
github.com/google/go-cmp v0.7.0/go.mod h1:pXiqmnSA92OHEEa9HXL2W4E7lf9JzCmGVUdgjX3N/iU=
github.com/google/go-github/v58 v58.0.0 h1:Una7GGERlF/37XfkPwpzYJe0Vp4dt2k1kCjlxwjIvzw=
github.com/google/go-github/v58 v58.0.0/go.mod h1:k4hxDKEfoWpSqFlc8LTpGd9fu2KrV1YAa6Hi6FmDNY4=
github.com/google/go-querystring v1.1.0 h1:AnCroh3fv4ZBgVIf1Iwtovgjaw/GiKJo8M8yD/fhyJ8=
github.com/google/go-querystring v1.1.0/go.mod h1:Kcdr2DB4koayq7X8pmAG4sNG59So17icRSOU623lUBU=
github.com/hashicorp/go-cleanhttp v0.5.2 h1:035FKYIWjmULyFRBKPs8TBQoi0x6d9G4xc9neXJWAZQ=
github.com/hashicorp/go-cleanhttp v0.5.2/go.mod h1:kO/YDlP8L1346E6Sodw+PrpBSV4/SoxCXGY6BqNFT48=
github.com/hashicorp/go-hclog v1.6.3 h1:Qr2kF+eVWjTiYmU7Y31tYlP1h0q/X3Nl3tPGdaB11/k=
github.com/hashicorp/go-hclog v1.6.3/go.mod h1:W4Qnvbt70Wk/zYJryRzDRU/4r0kIg0PVHBcfoyhpF5M=
github.com/hashicorp/go-immutable-radix v1.3.0/go.mod h1:0y9vanUI8NX6FsYoO3zeMjhV/C5i9g4Q3DwcSNZ4P60=
github.com/hashicorp/go-immutable-radix v1.3.1 h1:DKHmCUm2hRBK510BaiZlwvpD40f8bJFeZnpfm2KLowc=
github.com/hashicorp/go-immutable-radix v1.3.1/go.mod h1:0y9vanUI8NX6FsYoO3zeMjhV/C5i9g4Q3DwcSNZ4P60=
github.com/hashicorp/go-memdb v1.3.4/go.mod h1:uBTr1oQbtuMgd1SSGoR8YV27eT3sBHbYiNm53bMpgSg=
github.com/hashicorp/go-memdb v1.3.5 h1:b3taDMxCBCBVgyRrS1AZVHO14ubMYZB++QpNhBg+Nyo=
github.com/hashicorp/go-memdb v1.3.5/go.mod h1:8IVKKBkVe+fxFgdFOYxzQQNjz+sWCyHCdIC/+5+Vy1Y=
github.com/hashicorp/go-retryablehttp v0.7.8 h1:ylXZWnqa7Lhqpk0L1P1LzDtGcCR0rPVUrx/c8Unxc48=
github.com/hashicorp/go-retryablehttp v0.7.8/go.mod h1:rjiScheydd+CxvumBsIrFKlx3iS0jrZ7LvzFGFmuKbw=
github.com/hashicorp/go-uuid v1.0.0/go.mod h1:6SBZvOh/SIDV7/2o3Jml5SYk/TvGqwFJ/bN7x4byOro=
github.com/hashicorp/go-uuid v1.0.2 h1:cfejS+Tpcp13yd5nYHWDI6qVCny6wyX2Mt5SGur2IGE=
github.com/hashicorp/go-uuid v1.0.2/go.mod h1:6SBZvOh/SIDV7/2o3Jml5SYk/TvGqwFJ/bN7x4byOro=
github.com/hashicorp/go-version v1.7.0 h1:5tqGy27NaOTB8yJKUZELlFAS/LTKJkrmONwQKeRZfjY=
github.com/hashicorp/go-version v1.7.0/go.mod h1:fltr4n8CU8Ke44wwGCBoEymUuxUHl09ZGVZPK5anwXA=
github.com/hashicorp/golang-lru v0.5.0/go.mod h1:/m3WP610KZHVQ1SGc6re/UDhFvYD7pJ4Ao+sR/qLZy8=
github.com/hashicorp/golang-lru v0.5.4/go.mod h1:iADmTwqILo4mZ8BN3D2Q6+9jd8WM5uGBxy+E8yxSoD4=
github.com/hashicorp/golang-lru v1.0.2 h1:dV3g9Z/unq5DpblPpw+Oqcv4dU/1omnb4Ok8iPY6p1c=
github.com/hashicorp/golang-lru v1.0.2/go.mod h1:iADmTwqILo4mZ8BN3D2Q6+9jd8WM5uGBxy+E8yxSoD4=
github.com/inconshreveable/mousetrap v1.1.0 h1:wN+x4NVGpMsO7ErUn/mUI3vEoE6Jt13X2s0bqwp9tc8=
github.com/inconshreveable/mousetrap v1.1.0/go.mod h1:vpF70FUmC8bwa3OWnCshd2FqLfsEA9PFc4w1p2J65bw=
github.com/invopop/jsonschema v0.13.0 h1:KvpoAJWEjR3uD9Kbm2HWJmqsEaHt8lBUpd0qHcIi21E=
github.com/invopop/jsonschema v0.13.0/go.mod h1:ffZ5Km5SWWRAIN6wbDXItl95euhFz2uON45H2qjYt+0=
github.com/josharian/intern v1.0.0/go.mod h1:5DoeVV0s6jJacbCEi61lwdGj/aVlrQvzHFFd8Hwg//Y=
github.com/kballard/go-shellquote v0.0.0-20180428030007-95032a82bc51 h1:Z9n2FFNUXsshfwJMBgNA0RU6/i7WVaAegv3PtuIHPMs=
github.com/kballard/go-shellquote v0.0.0-20180428030007-95032a82bc51/go.mod h1:CzGEWj7cYgsdH8dAjBGEr58BoE7ScuLd+fwFZ44+/x8=
github.com/kr/pretty v0.1.0/go.mod h1:dAy3ld7l9f0ibDNOQOHHMYYIIbhfbHSm3C4ZsoJORNo=
github.com/kr/pretty v0.2.1/go.mod h1:ipq/a2n7PKx3OHsz4KJII5eveXtPO4qwEXGdVfWzfnI=
github.com/kr/pretty v0.3.1 h1:flRD4NNwYAUpkphVc1HcthR4KEIFJ65n8Mw5qdRn3LE=
github.com/kr/pretty v0.3.1/go.mod h1:hoEshYVHaxMs3cyo3Yncou5ZscifuDolrwPKZanG3xk=
github.com/kr/pty v1.1.1/go.mod h1:pFQYn66WHrOpPYNljwOMqo10TkYh1fy3cYio2l3bCsQ=
github.com/kr/text v0.1.0/go.mod h1:4Jbv+DJW3UT/LiOwJeYQe1efqtUx/iVham/4vfdArNI=
github.com/kr/text v0.2.0 h1:5Nx0Ya0ZqY2ygV366QzturHI13Jq95ApcVaJBhpS+AY=
github.com/kr/text v0.2.0/go.mod h1:eLer722TekiGuMkidMxC/pM04lWEeraHUUmBw8l2grE=
github.com/ktrysmt/go-bitbucket v0.9.87 h1:eR7E4ndyKpO2+HdBwUlsC5K/40nEDpjMLEWsPLY97oQ=
github.com/ktrysmt/go-bitbucket v0.9.87/go.mod h1:slSdGm9Vh3L2ZOU1r7Fu2B9rPJvsflYgneRCoPA83eY=
github.com/lucasb-eyer/go-colorful v1.3.0 h1:2/yBRLdWBZKrf7gB40FoiKfAWYQ0lqNcbuQwVHXptag=
github.com/lucasb-eyer/go-colorful v1.3.0/go.mod h1:R4dSotOR9KMtayYi1e77YzuveK+i7ruzyGqttikkLy0=
github.com/mailru/easyjson v0.7.7 h1:UGYAvKxe3sBsEDzO8ZeWOSlIQfWFlxbzLZe7hwFURr0=
github.com/mailru/easyjson v0.7.7/go.mod h1:xzfreul335JAWq5oZzymOObrkdz5UnU4kGfJJLY9Nlc=
github.com/mattn/go-colorable v0.1.13 h1:fFA4WZxdEF4tXPZVKMLwD8oUnCTTo08duU7wxecdEvA=
github.com/mattn/go-colorable v0.1.13/go.mod h1:7S9/ev0klgBDR4GtXTXX8a3vIGJpMovkB8vQcUbaXHg=
github.com/mattn/go-isatty v0.0.20 h1:xfD0iDuEKnDkl03q4limB+vH+GxLEtL/jb4xVJSWWEY=
github.com/mattn/go-isatty v0.0.20/go.mod h1:W+V8PltTTMOvKvAeJH7IuucS94S2C6jfK/D7dTCTo3Y=
github.com/mattn/go-localereader v0.0.1 h1:ygSAOl7ZXTx4RdPYinUpg6W99U8jWvWi9Ye2JC/oIi4=
github.com/mattn/go-localereader v0.0.1/go.mod h1:8fBrzywKY7BI3czFoHkuzRoWE9C+EiG4R1k4Cjx5p88=
github.com/mattn/go-runewidth v0.0.19 h1:v++JhqYnZuu5jSKrk9RbgF5v4CGUjqRfBm05byFGLdw=
github.com/mattn/go-runewidth v0.0.19/go.mod h1:XBkDxAl56ILZc9knddidhrOlY5R/pDhgLpndooCuJAs=
github.com/mitchellh/mapstructure v1.5.0 h1:jeMsZIYE/09sWLaz43PL7Gy6RuMjD2eJVyuac5Z2hdY=
github.com/mitchellh/mapstructure v1.5.0/go.mod h1:bFUtVrKA4DC2yAKiSyO/QUcy7e+RRV2QTWOzhPopBRo=
github.com/muesli/ansi v0.0.0-20230316100256-276c6243b2f6 h1:ZK8zHtRHOkbHy6Mmr5D264iyp3TiX5OmNcI5cIARiQI=
github.com/muesli/ansi v0.0.0-20230316100256-276c6243b2f6/go.mod h1:CJlz5H+gyd6CUWT45Oy4q24RdLyn7Md9Vj2/ldJBSIo=
github.com/muesli/cancelreader v0.2.2 h1:3I4Kt4BQjOR54NavqnDogx/MIoWBFa0StPA8ELUXHmA=
github.com/muesli/cancelreader v0.2.2/go.mod h1:3XuTXfFS2VjM+HTLZY9Ak0l6eUKfijIfMUZ4EgX0QYo=
github.com/muesli/termenv v0.16.0 h1:S5AlUN9dENB57rsbnkPyfdGuWIlkmzJjbFf0Tf5FWUc=
github.com/muesli/termenv v0.16.0/go.mod h1:ZRfOIKPFDYQoDFF4Olj7/QJbW60Ol/kL1pU3VfY/Cnk=
github.com/pkg/diff v0.0.0-20210226163009-20ebb0f2a09e/go.mod h1:pJLUxLENpZxwdsKMEsNbx1VGcRFpLqf3715MtcvvzbA=
github.com/pmezard/go-difflib v1.0.0 h1:4DBwDE0NGyQoBHbLQYPwSUPoCMWR5BEzIk/f1lZbAQM=
github.com/pmezard/go-difflib v1.0.0/go.mod h1:iKH77koFhYxTK1pcRnkKkqfTogsbg7gZNVY4sRDYZ/4=
github.com/rivo/uniseg v0.4.7 h1:WUdvkW8uEhrYfLC4ZzdpI2ztxP1I582+49Oc5Mq64VQ=
github.com/rivo/uniseg v0.4.7/go.mod h1:FN3SvrM+Zdj16jyLfmOkMNblXMcoc8DfTHruCPUcx88=
github.com/rogpeppe/go-internal v1.9.0/go.mod h1:WtVeX8xhTBvf0smdhujwtBcq4Qrzq/fJaraNFVN+nFs=
github.com/rogpeppe/go-internal v1.12.0 h1:exVL4IDcn6na9z1rAb56Vxr+CgyK3nn3O+epU5NdKM8=
github.com/rogpeppe/go-internal v1.12.0/go.mod h1:E+RYuTGaKKdloAfM02xzb0FW3Paa99yedzYV+kq4uf4=
github.com/russross/blackfriday/v2 v2.1.0/go.mod h1:+Rmxgy9KzJVeS9/2gXHxylqXiyQDYRxCVz55jmeOWTM=
github.com/sergi/go-diff v1.4.0 h1:n/SP9D5ad1fORl+llWyN+D6qoUETXNZARKjyY2/KVCw=
github.com/sergi/go-diff v1.4.0/go.mod h1:A0bzQcvG0E7Rwjx0REVgAGH58e96+X0MeOfepqsbeW4=
github.com/shoenig/test v1.12.2 h1:ZVT8NeIUwGWpZcKaepPmFMoNQ3sVpxvqUh/MAqwFiJI=
github.com/shoenig/test v1.12.2/go.mod h1:UxJ6u/x2v/TNs/LoLxBNJRV9DiwBBKYxXSyczsBHFoI=
github.com/spf13/cobra v1.7.0/go.mod h1:uLxZILRyS/50WlhOIKD7W6V5bgeIt+4sICxh6uRMrb0=
github.com/spf13/cobra v1.10.1 h1:lJeBwCfmrnXthfAupyUTzJ/J4Nc1RsHC/mSRU2dll/s=
github.com/spf13/cobra v1.10.1/go.mod h1:7SmJGaTHFVBY0jW4NXGluQoLvhqFQM+6XSKD+P4XaB0=
github.com/spf13/pflag v1.0.5/go.mod h1:McXfInJRrz4CZXVZOBLb0bTZqETkiAhM9Iw0y3An2Bg=
github.com/spf13/pflag v1.0.7/go.mod h1:McXfInJRrz4CZXVZOBLb0bTZqETkiAhM9Iw0y3An2Bg=
github.com/spf13/pflag v1.0.9/go.mod h1:McXfInJRrz4CZXVZOBLb0bTZqETkiAhM9Iw0y3An2Bg=
github.com/spf13/pflag v1.0.10 h1:4EBh2KAYBwaONj6b2Ye1GiHfwjqyROoF4RwYO+vPwFk=
github.com/spf13/pflag v1.0.10/go.mod h1:McXfInJRrz4CZXVZOBLb0bTZqETkiAhM9Iw0y3An2Bg=
github.com/stretchr/objx v0.1.0/go.mod h1:HFkY916IF+rwdDfMAkV7OtwuqBVzrE8GR6GFx+wExME=
github.com/stretchr/objx v0.4.0/go.mod h1:YvHI0jy2hoMjB+UWwv71VJQ9isScKT/TqJzVSSt89Yw=
github.com/stretchr/objx v0.5.0/go.mod h1:Yh+to48EsGEfYuaHDzXPcE3xhTkx73EhmCGUpEOglKo=
github.com/stretchr/testify v1.4.0/go.mod h1:j7eGeouHqKxXV5pUuKE4zz7dFj8WfuZ+81PSLYec5m4=
github.com/stretchr/testify v1.7.1/go.mod h1:6Fq8oRcR53rry900zMqJjRRixrwX3KX962/h/Wwjteg=
github.com/stretchr/testify v1.8.0/go.mod h1:yNjHg4UonilssWZ8iaSj1OCr/vHnekPRkoO+kdMU+MU=
github.com/stretchr/testify v1.8.1/go.mod h1:w2LPCIKwWwSfY2zedu0+kehJoqGctiVI29o6fzry7u4=
github.com/stretchr/testify v1.8.2/go.mod h1:w2LPCIKwWwSfY2zedu0+kehJoqGctiVI29o6fzry7u4=
github.com/stretchr/testify v1.11.1 h1:7s2iGBzp5EwR7/aIZr8ao5+dra3wiQyKjjFuvgVKu7U=
github.com/stretchr/testify v1.11.1/go.mod h1:wZwfW3scLgRK+23gO65QZefKpKQRnfz6sD981Nm4B6U=
github.com/wk8/go-ordered-map/v2 v2.1.8 h1:5h/BUHu93oj4gIdvHHHGsScSTMijfx5PeYkE/fJgbpc=
github.com/wk8/go-ordered-map/v2 v2.1.8/go.mod h1:5nJHM5DyteebpVlHnWMV0rPz6Zp7+xBAnxjb1X5vnTw=
github.com/xo/terminfo v0.0.0-20220910002029-abceb7e1c41e h1:JVG44RsyaB9T2KIHavMF/ppJZNG9ZpyihvCd0w101no=
github.com/xo/terminfo v0.0.0-20220910002029-abceb7e1c41e/go.mod h1:RbqR21r5mrJuqunuUZ/Dhy/avygyECGrLceyNeo4LiM=
gitlab.com/gitlab-org/api/client-go v0.159.0 h1:ibKeribio/OCsrsUz7pkgIN4E7HWDyrw/lDR6P2R7lU=
gitlab.com/gitlab-org/api/client-go v0.159.0/go.mod h1:D0DHF7ILUfFo/JcoGMAEndiKMm8SiP/WjyJ4OfXxCKw=
golang.org/x/crypto v0.0.0-20190308221718-c2843e01d9a2/go.mod h1:djNgcEr1/C05ACkg1iLfiJU5Ep61QUkGW8qpdssI0+w=
golang.org/x/crypto v0.0.0-20200622213623-75b288015ac9/go.mod h1:LzIPMQfyMNhhGPhUkYOs5KpL4U8rLKemX1yGLhDgUto=
golang.org/x/crypto v0.0.0-20210513164829-c07d793c2f9a/go.mod h1:P+XmwS30IXTQdn5tA2iutPOUgjI07+tq3H3K9MVA1s8=
golang.org/x/crypto v0.43.0 h1:dduJYIi3A3KOfdGOHX8AVZ/jGiyPa3IbBozJ5kNuE04=
golang.org/x/crypto v0.43.0/go.mod h1:BFbav4mRNlXJL4wNeejLpWxB7wMbc79PdRGhWKncxR0=
golang.org/x/exp v0.0.0-20251023183803-a4bb9ffd2546 h1:mgKeJMpvi0yx/sU5GsxQ7p6s2wtOnGAHZWCHUM4KGzY=
golang.org/x/exp v0.0.0-20251023183803-a4bb9ffd2546/go.mod h1:j/pmGrbnkbPtQfxEe5D0VQhZC6qKbfKifgD0oM7sR70=
golang.org/x/net v0.0.0-20190404232315-eb5bcb51f2a3/go.mod h1:t9HGtf8HONx5eT2rtn7q6eTqICYqUVnKs3thJo3Qplg=
golang.org/x/net v0.0.0-20210226172049-e18ecbb05110/go.mod h1:m0MpNAwzfU5UDzcl9v0D8zg8gWTRqZa9RBIspLL5mdg=
golang.org/x/net v0.46.0 h1:giFlY12I07fugqwPuWJi68oOnpfqFnJIJzaIIm2JVV4=
golang.org/x/net v0.46.0/go.mod h1:Q9BGdFy1y4nkUwiLvT5qtyhAnEHgnQ/zd8PfU6nc210=
golang.org/x/oauth2 v0.32.0 h1:jsCblLleRMDrxMN29H3z/k1KliIvpLgCkE6R8FXXNgY=
golang.org/x/oauth2 v0.32.0/go.mod h1:lzm5WQJQwKZ3nwavOZ3IS5Aulzxi68dUSgRHujetwEA=
golang.org/x/sys v0.0.0-20190215142949-d0b11bdaac8a/go.mod h1:STP8DvDyc/dI5b8T5hshtkjS+E42TnysNCUPdjciGhY=
golang.org/x/sys v0.0.0-20190412213103-97732733099d/go.mod h1:h1NjWce9XRLGQEsW7wpKNCjG9DtNlClVuFLEZdDNbEs=
golang.org/x/sys v0.0.0-20201119102817-f84b799fce68/go.mod h1:h1NjWce9XRLGQEsW7wpKNCjG9DtNlClVuFLEZdDNbEs=
golang.org/x/sys v0.0.0-20210809222454-d867a43fc93e/go.mod h1:oPkhp1MJrh7nUepCBck5+mAzfO9JrbApNNgaTdGDITg=
golang.org/x/sys v0.6.0/go.mod h1:oPkhp1MJrh7nUepCBck5+mAzfO9JrbApNNgaTdGDITg=
golang.org/x/sys v0.37.0 h1:fdNQudmxPjkdUTPnLn5mdQv7Zwvbvpaxqs831goi9kQ=
golang.org/x/sys v0.37.0/go.mod h1:OgkHotnGiDImocRcuBABYBEXf8A9a87e/uXjp9XT3ks=
golang.org/x/term v0.0.0-20201126162022-7de9c90e9dd1/go.mod h1:bj7SfCRtBDWHUb9snDiAeCFNEtKQo2Wmx5Cou7ajbmo=
golang.org/x/term v0.36.0 h1:zMPR+aF8gfksFprF/Nc/rd1wRS1EI6nDBGyWAvDzx2Q=
golang.org/x/term v0.36.0/go.mod h1:Qu394IJq6V6dCBRgwqshf3mPF85AqzYEzofzRdZkWss=
golang.org/x/text v0.3.0/go.mod h1:NqM8EUOU14njkJ3fqMW+pc6Ldnwhi/IjpwHt7yyuwOQ=
golang.org/x/text v0.3.3/go.mod h1:5Zoc/QRtKVWzQhOtBMvqHzDpF6irO9z98xDceosuGiQ=
golang.org/x/text v0.30.0 h1:yznKA/E9zq54KzlzBEAWn1NXSQ8DIp/NYMy88xJjl4k=
golang.org/x/text v0.30.0/go.mod h1:yDdHFIX9t+tORqspjENWgzaCVXgk0yYnYuSZ8UzzBVM=
golang.org/x/time v0.14.0 h1:MRx4UaLrDotUKUdCIqzPC48t1Y9hANFKIRpNx+Te8PI=
golang.org/x/time v0.14.0/go.mod h1:eL/Oa2bBBK0TkX57Fyni+NgnyQQN4LitPmob2Hjnqw4=
golang.org/x/tools v0.0.0-20180917221912-90fa682c2a6e/go.mod h1:n7NCudcB/nEzxVGmLbDWY5pfWTLqBcC2KZ6jyYvM4mQ=
golang.org/x/xerrors v0.0.0-20191204190536-9bdfabe68543/go.mod h1:I/5z698sn9Ka8TeJc9MKroUUfqBBauWjQqLJ2OPfmY0=
gopkg.in/check.v1 v0.0.0-20161208181325-20d25e280405/go.mod h1:Co6ibVJAznAaIkqp8huTwlJQCZ016jof/cbN4VW5Yz0=
gopkg.in/check.v1 v1.0.0-20190902080502-41f04d3bba15/go.mod h1:Co6ibVJAznAaIkqp8huTwlJQCZ016jof/cbN4VW5Yz0=
gopkg.in/check.v1 v1.0.0-20201130134442-10cb98267c6c/go.mod h1:JHkPIbrfpd72SG/EVd6muEfDQjcINNoR0C8j2r3qZ4Q=
gopkg.in/yaml.v2 v2.2.2/go.mod h1:hI93XBmqTisBFMUTm0b8Fm+jr3Dg1NNxqwp+5A1VGuI=
gopkg.in/yaml.v2 v2.4.0/go.mod h1:RDklbk79AGWmwhnvt/jBztapEOGDOx6ZbXqjP6csGnQ=
gopkg.in/yaml.v3 v3.0.0-20200313102051-9f266ea9e77c/go.mod h1:K4uyk7z7BCEPqu6E+C64Yfv1cQ7kz7rIZviUmN+EgEM=
gopkg.in/yaml.v3 v3.0.1 h1:fxVm/GzAzEWqLHuvctI91KS9hhNmmWOoWu0XTYJS7CA=
gopkg.in/yaml.v3 v3.0.1/go.mod h1:K4uyk7z7BCEPqu6E+C64Yfv1cQ7kz7rIZviUmN+EgEM=
