# This file is autogenerated, do not edit; changes may be undone by the next 'dep ensure'.


[[projects]]
  digest = "1:2a1c007a3aa4b3efd5e90eb321cf405e62bec9f0a4f5e81b0a175d9d45e1993a"
  name = "github.com/Originate/exit"
  packages = ["."]
  pruneopts = "UT"
  revision = "8f9dec5ec964dc363624e001efe5e4018f05313e"

[[projects]]
  branch = "master"
  digest = "1:66a87baf099221f7deecf7a3ee301e437d9d93ef3be0bc92645e71400c2e9d31"
  name = "github.com/acarl005/stripansi"
  packages = ["."]
  pruneopts = "UT"
  revision = "5a71ef0e047df0427e87a79f27009029921f1f9b"

[[projects]]
  digest = "1:ee7fe6a68ba9f21bc748293d4e1e66ad327f64a89b0f5ba2d021430babd4b8c9"
  name = "github.com/dustin/go-humanize"
  packages = ["."]
  pruneopts = "UT"
  revision = "bb3d318650d48840a39aa21a027c6630e198e626"

[[projects]]
  digest = "1:938a2672d6ebbb7f7bc63eee3e4b9464c16ffcf77ec8913d3edbf32b4e3984dd"
  name = "github.com/fatih/color"
  packages = ["."]
  pruneopts = "UT"
  revision = "570b54cabe6b8eb0bc2dfce68d964677d63b5260"
  version = "v1.5.0"

[[projects]]
  digest = "1:ffc060c551980d37ee9e428ef528ee2813137249ccebb0bfc412ef83071cac91"
  name = "github.com/golang/protobuf"
  packages = ["proto"]
  pruneopts = "UT"
  revision = "bbd03ef6da3a115852eaf24c8a1c46aeb39aa175"

[[projects]]
  digest = "1:b5fa785f13819f1525155efd70ebbca2300349eddbda57912aaed51f97c36b53"
  name = "github.com/google/go-github"
  packages = ["github"]
  pruneopts = "UT"
  revision = "88eb4e9dc91cb2db1bbc56c936f1ee39bbe72ba5"

[[projects]]
  digest = "1:a63cff6b5d8b95638bfe300385d93b2a6d9d687734b863da8e09dc834510a690"
  name = "github.com/google/go-querystring"
  packages = ["query"]
  pruneopts = "UT"
  revision = "53e6ce116135b80d037921a7fdd5138cf32d7a8a"

[[projects]]
  digest = "1:870d441fe217b8e689d7949fef6e43efbc787e50f200cb1e70dbca9204a1d6be"
  name = "github.com/inconshreveable/mousetrap"
  packages = ["."]
  pruneopts = "UT"
  revision = "76626ae9c91c4f2a10f34cad8ce83ea42c93bb75"
  version = "v1.0"

[[projects]]
  digest = "1:31fcf8f5f8f6cc36ef11182c0a0f63ba464e1a7ad9f0e92a7cf46f38bfc0adfd"
  name = "github.com/mattn/go-colorable"
  packages = ["."]
  pruneopts = "UT"
  revision = "5411d3eea5978e6cdc258b30de592b60df6aba96"

[[projects]]
  digest = "1:fa610f9fe6a93f4a75e64c83673dfff9bf1a34bbb21e6102021b6bc7850834a3"
  name = "github.com/mattn/go-isatty"
  packages = ["."]
  pruneopts = "UT"
  revision = "57fdcb988a5c543893cc61bce354a6e24ab70022"

[[projects]]
  branch = "master"
  digest = "1:2b32af4d2a529083275afc192d1067d8126b578c7a9613b26600e4df9c735155"
  name = "github.com/mgutz/ansi"
  packages = ["."]
  pruneopts = "UT"
  revision = "9520e82c474b0a04dd04f8a40959027271bab992"

[[projects]]
  digest = "1:2817a8dfc216583c0fb6a11a541462f1289378c31cf5b8a716c6a44c28f9efbe"
  name = "github.com/onsi/ginkgo"
  packages = [
    ".",
    "config",
    "internal/codelocation",
    "internal/containernode",
    "internal/failer",
    "internal/leafnodes",
    "internal/remote",
    "internal/spec",
    "internal/spec_iterator",
    "internal/specrunner",
    "internal/suite",
    "internal/testingtproxy",
    "internal/writer",
    "reporters",
    "reporters/stenographer",
    "reporters/stenographer/support/go-colorable",
    "reporters/stenographer/support/go-isatty",
    "types",
  ]
  pruneopts = "UT"
  revision = "9008c7b79f9636c46a0a945141020124702f0ecf"

[[projects]]
  digest = "1:325ef572f9f16368e006f865c0463af3bf93b9543cf390a092b857a8dc195bac"
  name = "github.com/onsi/gomega"
  packages = [
    ".",
    "format",
    "internal/assertion",
    "internal/asyncassertion",
    "internal/oraclematcher",
    "internal/testingtsupport",
    "matchers",
    "matchers/support/goraph/bipartitegraph",
    "matchers/support/goraph/edge",
    "matchers/support/goraph/node",
    "matchers/support/goraph/util",
    "types",
  ]
  pruneopts = "UT"
  revision = "49e4233a3b46c26dddd43cf84547cf31c92d0f2b"

[[projects]]
  digest = "1:40e195917a951a8bf867cd05de2a46aaf1806c50cf92eebf4c16f78cd196f747"
  name = "github.com/pkg/errors"
  packages = ["."]
  pruneopts = "UT"
  revision = "645ef00459ed84a119197bfb8d8205042c6df63d"
  version = "v0.8.0"

[[projects]]
  digest = "1:716ae4d5ab908a88497f3b5dd25a3bc270160481bdf7ce0108c3d648fcd5ddf1"
  name = "github.com/spf13/cobra"
  packages = ["."]
  pruneopts = "UT"
  revision = "cd30c2a7e91a1d63fd9a0027accf18a681e9d50b"

[[projects]]
  digest = "1:84f40629faf6b4ac9f78baf389d5a530227f4adb287c9b763e7ea89a6cd531e9"
  name = "github.com/spf13/pflag"
  packages = ["."]
  pruneopts = "UT"
  revision = "1ce0cc6db4029d97571db82f85092fccedb572ce"

[[projects]]
  digest = "1:feddc98e0b022efc832f56907f78e51c89f8f079232a3fe6b4db13ae6d691c1a"
  name = "golang.org/x/net"
  packages = [
    "context",
    "context/ctxhttp",
    "html",
    "html/atom",
    "html/charset",
  ]
  pruneopts = "UT"
  revision = "f5dfe339be1d06f81b22525fe34671ee7d2c8904"

[[projects]]
  digest = "1:7cb06c9a523660f3c50c6f63f2e2c90052c359b046d2ef1152f2182169dbb720"
  name = "golang.org/x/oauth2"
  packages = [
    ".",
    "internal",
  ]
  pruneopts = "UT"
  revision = "921ae394b9430ed4fb549668d7b087601bd60a81"

[[projects]]
  digest = "1:c9c0ba9ea00233c41b91e441cfd490f34b129bbfebcb1858979623bd8de07f72"
  name = "golang.org/x/sys"
  packages = ["unix"]
  pruneopts = "UT"
  revision = "e24f485414aeafb646f6fca458b0bf869c0880a1"

[[projects]]
  digest = "1:5ad2a2ea49807881895798cfdba0ca1e25013a353de9558813469ba95e910d25"
  name = "golang.org/x/text"
  packages = [
    "encoding",
    "encoding/charmap",
    "encoding/htmlindex",
    "encoding/internal",
    "encoding/internal/identifier",
    "encoding/japanese",
    "encoding/korean",
    "encoding/simplifiedchinese",
    "encoding/traditionalchinese",
    "encoding/unicode",
    "internal/gen",
    "internal/language",
    "internal/tag",
    "internal/utf8internal",
    "language",
    "runes",
    "transform",
    "unicode/cldr",
  ]
  pruneopts = "UT"
  revision = "0b0b1f509072617b86d90971b51da23cc52694f2"

[[projects]]
  digest = "1:2aeebca2c32384771e26a96c44652e0c9d7ab3ead688a6a57c9f81ff7cbbb6a5"
  name = "google.golang.org/appengine"
  packages = [
    "internal",
    "internal/base",
    "internal/datastore",
    "internal/log",
    "internal/remote_api",
    "internal/urlfetch",
    "urlfetch",
  ]
  pruneopts = "UT"
  revision = "0a24098c0ec68416ec050f567f75df563d6b231e"

[[projects]]
  digest = "1:bfa358ca0cd2d3b2a9d656c52ec83c3ee2b1176bef60dc8139545110be28e848"
  name = "gopkg.in/AlecAivazis/survey.v1"
  packages = [
    ".",
    "core",
    "terminal",
  ]
  pruneopts = "UT"
  revision = "0aa8b6a162b391fe2d95648b7677d1d6ac2090a6"
  version = "v1.4.1"

[[projects]]
  digest = "1:50c58685e45772643e094991b7f3ab097b18eb3e1d8cbb7c032884cf1f59d134"
  name = "gopkg.in/jarcoal/httpmock.v1"
  packages = ["."]
  pruneopts = "UT"
  revision = "61bcb58a07522fbdf76a4cb03c57f5a52683d636"

[[projects]]
  digest = "1:2a81c6e126d36ad027328cffaa4888fc3be40f09dc48028d1f93705b718130b9"
  name = "gopkg.in/yaml.v2"
  packages = ["."]
  pruneopts = "UT"
  revision = "7f97868eec74b32b0982dd158a51a446d1da7eb5"
  version = "v2.1.1"

[solve-meta]
  analyzer-name = "dep"
  analyzer-version = 1
  input-imports = [
    "github.com/Originate/exit",
    "github.com/acarl005/stripansi",
    "github.com/dustin/go-humanize",
    "github.com/fatih/color",
    "github.com/google/go-github/github",
    "github.com/onsi/ginkgo",
    "github.com/onsi/gomega",
    "github.com/spf13/cobra",
    "golang.org/x/oauth2",
    "gopkg.in/AlecAivazis/survey.v1",
    "gopkg.in/AlecAivazis/survey.v1/core",
    "gopkg.in/jarcoal/httpmock.v1",
  ]
  solver-name = "gps-cdcl"
  solver-version = 1
