github.com/git-town/git-town/v14 v14.3.1 h1:Dp9/cSfCB2VV8QuT3mf4HLXvHpCDFrmUrb6BX1X7knc=
github.com/git-town/git-town/v14 v14.3.1/go.mod h1:1dBM+AZeUVbP3yZflmAUU7+sxF8bMdZN2ZaoIU5FODQ=
github.com/google/go-cmp v0.6.0 h1:ofyhxvXcZhMsU5ulbFiLKl/XBFqE1GSq7atu8tAmTRI=
github.com/google/go-cmp v0.6.0/go.mod h1:17dUlkBOakJ0+DkrSSNjCkIjxS6bF9zb3elmeNGIjoY=
github.com/shoenig/test v1.8.2 h1:WDlty8UBqJRdmgdJX8lMwvCq97tiN7Um/GZD2vBDuug=
github.com/shoenig/test v1.8.2/go.mod h1:UxJ6u/x2v/TNs/LoLxBNJRV9DiwBBKYxXSyczsBHFoI=
